
Microsoft Visual Studio Solution File, Format Version 12.00
# Visual Studio Version 17
VisualStudioVersion = 17.3.32825.248
MinimumVisualStudioVersion = 10.0.40219.1
Project("{FAE04EC0-301F-11D3-BF4B-00C04F79EFBC}") = "POS", "POS\POS.csproj", "{24E0672D-3F10-4141-B345-1A52F30A0FDA}"
EndProject
Global
	GlobalSection(SolutionConfigurationPlatforms) = preSolution
		Debug|Any CPU = Debug|Any CPU
		Release|Any CPU = Release|Any CPU
	EndGlobalSection
	GlobalSection(ProjectConfigurationPlatforms) = postSolution
		{24E0672D-3F10-4141-B345-1A52F30A0FDA}.Debug|Any CPU.ActiveCfg = Debug|Any CPU
		{24E0672D-3F10-4141-B345-1A52F30A0FDA}.Debug|Any CPU.Build.0 = Debug|Any CPU
		{24E0672D-3F10-4141-B345-1A52F30A0FDA}.Release|Any CPU.ActiveCfg = Release|Any CPU
		{24E0672D-3F10-4141-B345-1A52F30A0FDA}.Release|Any CPU.Build.0 = Release|Any CPU
	EndGlobalSection
	GlobalSection(SolutionProperties) = preSolution
		HideSolutionNode = FALSE
	EndGlobalSection
	GlobalSection(ExtensibilityGlobals) = postSolution
		SolutionGuid = {B96309D9-82B7-483E-8732-8632B1113CC2}
	EndGlobalSection
EndGlobal
